
Microsoft Visual Studio Solution File, Format Version 12.00
# Visual Studio Version 17
VisualStudioVersion = 17.12.35527.113 d17.12
MinimumVisualStudioVersion = 10.0.40219.1
Project("{2150E333-8FDC-42A3-9474-1A3956D46DE8}") = "src", "src", "{B52275A3-D70E-43CE-AC32-B7DD819B705C}"
EndProject
Project("{2150E333-8FDC-42A3-9474-1A3956D46DE8}") = "Arrays", "Arrays", "{51806F3F-2EEA-4619-BFA7-D857F3E32A79}"
EndProject
Project("{9A19103F-16F7-4668-BE54-9A1E7A4F7556}") = "Array", "src\Arrays\Array\Array.csproj", "{5D11988E-1200-4E78-A5C4-2B1AF03F8612}"
EndProject
Project("{9A19103F-16F7-4668-BE54-9A1E7A4F7556}") = "Matrixes", "src\Arrays\Matrixes\Matrixes.csproj", "{E09CD9A8-6ECF-4CC5-9C96-5A68EC6C8292}"
EndProject
Project("{9A19103F-16F7-4668-BE54-9A1E7A4F7556}") = "List.ConsoleApp", "src\List.ConsoleApp\List.ConsoleApp.csproj", "{660A3639-BEB7-478B-B949-B27DDF6CDF57}"
EndProject
Project("{9A19103F-16F7-4668-BE54-9A1E7A4F7556}") = "ParameterModifiers.ConsoleApp", "src\ParameterModifiers.ConsoleApp\ParameterModifiers.ConsoleApp.csproj", "{35FFE7DF-1D2C-4923-AF4B-7E80F896B4F5}"
EndProject
Project("{9A19103F-16F7-4668-BE54-9A1E7A4F7556}") = "Enums.ConsoleApp", "src\Enums.ConsoleApp\Enums.ConsoleApp.csproj", "{E5158D47-9AD6-4F63-A0AE-08D6C8E5FA69}"
EndProject
Project("{9A19103F-16F7-4668-BE54-9A1E7A4F7556}") = "StringBuilder.ConsoleApp", "src\StringBuilder.ConsoleApp\StringBuilder.ConsoleApp.csproj", "{E08E02E9-EAE8-4289-9348-821A6D87B6EA}"
EndProject
Project("{9A19103F-16F7-4668-BE54-9A1E7A4F7556}") = "Inheritance.ConsoleApp", "src\Inheritance.ConsoleApp\Inheritance.ConsoleApp.csproj", "{CD855574-A048-4AAC-A8D3-5714098089AE}"
EndProject
Project("{9A19103F-16F7-4668-BE54-9A1E7A4F7556}") = "VirtualModifier.ConsoleApp", "src\VirtualModifier.ConsoleApp\VirtualModifier.ConsoleApp.csproj", "{5E46DB32-799E-4223-A502-89A6BDDEED55}"
EndProject
Project("{9A19103F-16F7-4668-BE54-9A1E7A4F7556}") = "SealedModifier.ConsoleApp", "src\SealedModifier.ConsoleApp\SealedModifier.ConsoleApp.csproj", "{FA0AB5F3-C91A-4914-831E-0BBFCB1BFB8A}"
EndProject
Project("{9A19103F-16F7-4668-BE54-9A1E7A4F7556}") = "Polymorphism.ConsoleApp", "src\Polymorphism.ConsoleApp\Polymorphism.ConsoleApp.csproj", "{80B98AB1-A8EB-43DA-B22F-1847C0992E70}"
EndProject
Project("{9A19103F-16F7-4668-BE54-9A1E7A4F7556}") = "AbstractModifier.ConsoleApp", "src\AbstractModifier.ConsoleApp\AbstractModifier.ConsoleApp.csproj", "{9EC016FD-BE76-4761-806E-F3F9CEC134DF}"
EndProject
Project("{9A19103F-16F7-4668-BE54-9A1E7A4F7556}") = "Interface.ConsoleApp", "src\Interface.ConsoleApp\Interface.ConsoleApp.csproj", "{9FD6CF5F-9132-4F5E-A006-E5A3D6B19074}"
EndProject
Project("{9A19103F-16F7-4668-BE54-9A1E7A4F7556}") = "Generics.ConsoleApp", "src\Generics.ConsoleApp\Generics.ConsoleApp.csproj", "{F924D3EE-9D45-4ECD-B885-F15D7D65A849}"
EndProject
Project("{9A19103F-16F7-4668-BE54-9A1E7A4F7556}") = "PatternMatching.ConsoleApp", "src\PatternMatching.ConsoleApp\PatternMatching.ConsoleApp.csproj", "{FCEE7D25-96C8-4DDC-B8A6-0D74641DA4B3}"
EndProject
Project("{9A19103F-16F7-4668-BE54-9A1E7A4F7556}") = "ExtensionMethods.ConsoleApp", "src\ExtensionMethods.ConsoleApp\ExtensionMethods.ConsoleApp.csproj", "{6A8F5CCA-D736-46A5-9636-DC4716AE253B}"
EndProject
Project("{9A19103F-16F7-4668-BE54-9A1E7A4F7556}") = "HashSet.ConsoleApp", "src\HashSet.ConsoleApp\HashSet.ConsoleApp.csproj", "{D29F8D2D-3A56-447D-983A-8F9C29003FF4}"
EndProject
Project("{9A19103F-16F7-4668-BE54-9A1E7A4F7556}") = "SortedSet.ConsoleApp", "src\SortedSet.ConsoleApp\SortedSet.ConsoleApp.csproj", "{55A2CC5B-EEC9-4B90-A4B7-7E10A0E54E36}"
EndProject
Project("{9A19103F-16F7-4668-BE54-9A1E7A4F7556}") = "Dictionary.ConsoleApp", "src\Dictionary.ConsoleApp\Dictionary.ConsoleApp.csproj", "{A8ECEDFF-9E4D-4B4E-8407-5F1DE6445772}"
EndProject
Project("{9A19103F-16F7-4668-BE54-9A1E7A4F7556}") = "SortedDictionary.ConsoleApp", "src\SortedDictionary.ConsoleApp\SortedDictionary.ConsoleApp.csproj", "{DE04CBC0-F1AE-4E74-826D-6A770B30FCD0}"
EndProject
Project("{9A19103F-16F7-4668-BE54-9A1E7A4F7556}") = "LambdaExpression.ConsoleApp", "src\LambdaExpression.ConsoleApp\LambdaExpression.ConsoleApp.csproj", "{EAB1E51A-FAB8-4499-B530-6AA1BD3D1958}"
EndProject
Project("{9A19103F-16F7-4668-BE54-9A1E7A4F7556}") = "Delegates.ConsoleApp", "src\Delegates.ConsoleApp\Delegates.ConsoleApp.csproj", "{2D2AA2CD-F2A8-4E68-B85A-6AF7A4577862}"
EndProject
Project("{9A19103F-16F7-4668-BE54-9A1E7A4F7556}") = "MulticastDelegates.ConsoleApp", "src\MulticastDelegates.ConsoleApp\MulticastDelegates.ConsoleApp.csproj", "{CD545E94-61F9-423E-BD08-EDCD7E228035}"
EndProject
Project("{9A19103F-16F7-4668-BE54-9A1E7A4F7556}") = "PredicateDelegate.ConsoleApp", "src\PredicateDelegate.ConsoleApp\PredicateDelegate.ConsoleApp.csproj", "{C50822CE-C82E-4B4C-A978-FD64F6329FA1}"
EndProject
Project("{9A19103F-16F7-4668-BE54-9A1E7A4F7556}") = "ActionDelegate.ConsoleApp", "src\ActionDelegate.ConsoleApp\ActionDelegate.ConsoleApp.csproj", "{B30E3DD1-63BB-4200-B9E1-945B855B6FC3}"
EndProject
Project("{9A19103F-16F7-4668-BE54-9A1E7A4F7556}") = "FuncDelegate.ConsoleApp", "src\FuncDelegate.ConsoleApp\FuncDelegate.ConsoleApp.csproj", "{3E681044-4E6A-4AA2-827E-18213AF1A469}"
EndProject
Project("{9A19103F-16F7-4668-BE54-9A1E7A4F7556}") = "LINQ.ConsoleApp", "src\LINQ.ConsoleApp\LINQ.ConsoleApp.csproj", "{FD94EF3C-D92D-461B-B7A8-819F48B3E4B6}"
EndProject
Project("{9A19103F-16F7-4668-BE54-9A1E7A4F7556}") = "Indexers.ConsoleApp", "src\Indexers.ConsoleApp\Indexers.ConsoleApp.csproj", "{FDF6AA9C-8CF2-4352-A361-E4AA1E5036B9}"
EndProject
Project("{9A19103F-16F7-4668-BE54-9A1E7A4F7556}") = "SwitchExpression.ConsoleApp", "src\SwitchExpression.ConsoleApp\SwitchExpression.ConsoleApp.csproj", "{CF964F5A-94A2-4A6B-A6A8-884673A420B8}"
EndProject
Project("{FAE04EC0-301F-11D3-BF4B-00C04F79EFBC}") = "Tuples.ConsoleApp", "src\Tuples.ConsoleApp\Tuples.ConsoleApp.csproj", "{72BF913C-98AD-4349-AFFD-01F5A9FF1DE1}"
EndProject
Global
	GlobalSection(SolutionConfigurationPlatforms) = preSolution
		Debug|Any CPU = Debug|Any CPU
		Release|Any CPU = Release|Any CPU
	EndGlobalSection
	GlobalSection(ProjectConfigurationPlatforms) = postSolution
		{5D11988E-1200-4E78-A5C4-2B1AF03F8612}.Debug|Any CPU.ActiveCfg = Debug|Any CPU
		{5D11988E-1200-4E78-A5C4-2B1AF03F8612}.Debug|Any CPU.Build.0 = Debug|Any CPU
		{5D11988E-1200-4E78-A5C4-2B1AF03F8612}.Release|Any CPU.ActiveCfg = Release|Any CPU
		{5D11988E-1200-4E78-A5C4-2B1AF03F8612}.Release|Any CPU.Build.0 = Release|Any CPU
		{E09CD9A8-6ECF-4CC5-9C96-5A68EC6C8292}.Debug|Any CPU.ActiveCfg = Debug|Any CPU
		{E09CD9A8-6ECF-4CC5-9C96-5A68EC6C8292}.Debug|Any CPU.Build.0 = Debug|Any CPU
		{E09CD9A8-6ECF-4CC5-9C96-5A68EC6C8292}.Release|Any CPU.ActiveCfg = Release|Any CPU
		{E09CD9A8-6ECF-4CC5-9C96-5A68EC6C8292}.Release|Any CPU.Build.0 = Release|Any CPU
		{660A3639-BEB7-478B-B949-B27DDF6CDF57}.Debug|Any CPU.ActiveCfg = Debug|Any CPU
		{660A3639-BEB7-478B-B949-B27DDF6CDF57}.Debug|Any CPU.Build.0 = Debug|Any CPU
		{660A3639-BEB7-478B-B949-B27DDF6CDF57}.Release|Any CPU.ActiveCfg = Release|Any CPU
		{660A3639-BEB7-478B-B949-B27DDF6CDF57}.Release|Any CPU.Build.0 = Release|Any CPU
		{35FFE7DF-1D2C-4923-AF4B-7E80F896B4F5}.Debug|Any CPU.ActiveCfg = Debug|Any CPU
		{35FFE7DF-1D2C-4923-AF4B-7E80F896B4F5}.Debug|Any CPU.Build.0 = Debug|Any CPU
		{35FFE7DF-1D2C-4923-AF4B-7E80F896B4F5}.Release|Any CPU.ActiveCfg = Release|Any CPU
		{35FFE7DF-1D2C-4923-AF4B-7E80F896B4F5}.Release|Any CPU.Build.0 = Release|Any CPU
		{E5158D47-9AD6-4F63-A0AE-08D6C8E5FA69}.Debug|Any CPU.ActiveCfg = Debug|Any CPU
		{E5158D47-9AD6-4F63-A0AE-08D6C8E5FA69}.Debug|Any CPU.Build.0 = Debug|Any CPU
		{E5158D47-9AD6-4F63-A0AE-08D6C8E5FA69}.Release|Any CPU.ActiveCfg = Release|Any CPU
		{E5158D47-9AD6-4F63-A0AE-08D6C8E5FA69}.Release|Any CPU.Build.0 = Release|Any CPU
		{E08E02E9-EAE8-4289-9348-821A6D87B6EA}.Debug|Any CPU.ActiveCfg = Debug|Any CPU
		{E08E02E9-EAE8-4289-9348-821A6D87B6EA}.Debug|Any CPU.Build.0 = Debug|Any CPU
		{E08E02E9-EAE8-4289-9348-821A6D87B6EA}.Release|Any CPU.ActiveCfg = Release|Any CPU
		{E08E02E9-EAE8-4289-9348-821A6D87B6EA}.Release|Any CPU.Build.0 = Release|Any CPU
		{CD855574-A048-4AAC-A8D3-5714098089AE}.Debug|Any CPU.ActiveCfg = Debug|Any CPU
		{CD855574-A048-4AAC-A8D3-5714098089AE}.Debug|Any CPU.Build.0 = Debug|Any CPU
		{CD855574-A048-4AAC-A8D3-5714098089AE}.Release|Any CPU.ActiveCfg = Release|Any CPU
		{CD855574-A048-4AAC-A8D3-5714098089AE}.Release|Any CPU.Build.0 = Release|Any CPU
		{5E46DB32-799E-4223-A502-89A6BDDEED55}.Debug|Any CPU.ActiveCfg = Debug|Any CPU
		{5E46DB32-799E-4223-A502-89A6BDDEED55}.Debug|Any CPU.Build.0 = Debug|Any CPU
		{5E46DB32-799E-4223-A502-89A6BDDEED55}.Release|Any CPU.ActiveCfg = Release|Any CPU
		{5E46DB32-799E-4223-A502-89A6BDDEED55}.Release|Any CPU.Build.0 = Release|Any CPU
		{FA0AB5F3-C91A-4914-831E-0BBFCB1BFB8A}.Debug|Any CPU.ActiveCfg = Debug|Any CPU
		{FA0AB5F3-C91A-4914-831E-0BBFCB1BFB8A}.Debug|Any CPU.Build.0 = Debug|Any CPU
		{FA0AB5F3-C91A-4914-831E-0BBFCB1BFB8A}.Release|Any CPU.ActiveCfg = Release|Any CPU
		{FA0AB5F3-C91A-4914-831E-0BBFCB1BFB8A}.Release|Any CPU.Build.0 = Release|Any CPU
		{80B98AB1-A8EB-43DA-B22F-1847C0992E70}.Debug|Any CPU.ActiveCfg = Debug|Any CPU
		{80B98AB1-A8EB-43DA-B22F-1847C0992E70}.Debug|Any CPU.Build.0 = Debug|Any CPU
		{80B98AB1-A8EB-43DA-B22F-1847C0992E70}.Release|Any CPU.ActiveCfg = Release|Any CPU
		{80B98AB1-A8EB-43DA-B22F-1847C0992E70}.Release|Any CPU.Build.0 = Release|Any CPU
		{9EC016FD-BE76-4761-806E-F3F9CEC134DF}.Debug|Any CPU.ActiveCfg = Debug|Any CPU
		{9EC016FD-BE76-4761-806E-F3F9CEC134DF}.Debug|Any CPU.Build.0 = Debug|Any CPU
		{9EC016FD-BE76-4761-806E-F3F9CEC134DF}.Release|Any CPU.ActiveCfg = Release|Any CPU
		{9EC016FD-BE76-4761-806E-F3F9CEC134DF}.Release|Any CPU.Build.0 = Release|Any CPU
		{9FD6CF5F-9132-4F5E-A006-E5A3D6B19074}.Debug|Any CPU.ActiveCfg = Debug|Any CPU
		{9FD6CF5F-9132-4F5E-A006-E5A3D6B19074}.Debug|Any CPU.Build.0 = Debug|Any CPU
		{9FD6CF5F-9132-4F5E-A006-E5A3D6B19074}.Release|Any CPU.ActiveCfg = Release|Any CPU
		{9FD6CF5F-9132-4F5E-A006-E5A3D6B19074}.Release|Any CPU.Build.0 = Release|Any CPU
		{F924D3EE-9D45-4ECD-B885-F15D7D65A849}.Debug|Any CPU.ActiveCfg = Debug|Any CPU
		{F924D3EE-9D45-4ECD-B885-F15D7D65A849}.Debug|Any CPU.Build.0 = Debug|Any CPU
		{F924D3EE-9D45-4ECD-B885-F15D7D65A849}.Release|Any CPU.ActiveCfg = Release|Any CPU
		{F924D3EE-9D45-4ECD-B885-F15D7D65A849}.Release|Any CPU.Build.0 = Release|Any CPU
		{FCEE7D25-96C8-4DDC-B8A6-0D74641DA4B3}.Debug|Any CPU.ActiveCfg = Debug|Any CPU
		{FCEE7D25-96C8-4DDC-B8A6-0D74641DA4B3}.Debug|Any CPU.Build.0 = Debug|Any CPU
		{FCEE7D25-96C8-4DDC-B8A6-0D74641DA4B3}.Release|Any CPU.ActiveCfg = Release|Any CPU
		{FCEE7D25-96C8-4DDC-B8A6-0D74641DA4B3}.Release|Any CPU.Build.0 = Release|Any CPU
		{6A8F5CCA-D736-46A5-9636-DC4716AE253B}.Debug|Any CPU.ActiveCfg = Debug|Any CPU
		{6A8F5CCA-D736-46A5-9636-DC4716AE253B}.Debug|Any CPU.Build.0 = Debug|Any CPU
		{6A8F5CCA-D736-46A5-9636-DC4716AE253B}.Release|Any CPU.ActiveCfg = Release|Any CPU
		{6A8F5CCA-D736-46A5-9636-DC4716AE253B}.Release|Any CPU.Build.0 = Release|Any CPU
		{D29F8D2D-3A56-447D-983A-8F9C29003FF4}.Debug|Any CPU.ActiveCfg = Debug|Any CPU
		{D29F8D2D-3A56-447D-983A-8F9C29003FF4}.Debug|Any CPU.Build.0 = Debug|Any CPU
		{D29F8D2D-3A56-447D-983A-8F9C29003FF4}.Release|Any CPU.ActiveCfg = Release|Any CPU
		{D29F8D2D-3A56-447D-983A-8F9C29003FF4}.Release|Any CPU.Build.0 = Release|Any CPU
		{55A2CC5B-EEC9-4B90-A4B7-7E10A0E54E36}.Debug|Any CPU.ActiveCfg = Debug|Any CPU
		{55A2CC5B-EEC9-4B90-A4B7-7E10A0E54E36}.Debug|Any CPU.Build.0 = Debug|Any CPU
		{55A2CC5B-EEC9-4B90-A4B7-7E10A0E54E36}.Release|Any CPU.ActiveCfg = Release|Any CPU
		{55A2CC5B-EEC9-4B90-A4B7-7E10A0E54E36}.Release|Any CPU.Build.0 = Release|Any CPU
		{A8ECEDFF-9E4D-4B4E-8407-5F1DE6445772}.Debug|Any CPU.ActiveCfg = Debug|Any CPU
		{A8ECEDFF-9E4D-4B4E-8407-5F1DE6445772}.Debug|Any CPU.Build.0 = Debug|Any CPU
		{A8ECEDFF-9E4D-4B4E-8407-5F1DE6445772}.Release|Any CPU.ActiveCfg = Release|Any CPU
		{A8ECEDFF-9E4D-4B4E-8407-5F1DE6445772}.Release|Any CPU.Build.0 = Release|Any CPU
		{DE04CBC0-F1AE-4E74-826D-6A770B30FCD0}.Debug|Any CPU.ActiveCfg = Debug|Any CPU
		{DE04CBC0-F1AE-4E74-826D-6A770B30FCD0}.Debug|Any CPU.Build.0 = Debug|Any CPU
		{DE04CBC0-F1AE-4E74-826D-6A770B30FCD0}.Release|Any CPU.ActiveCfg = Release|Any CPU
		{DE04CBC0-F1AE-4E74-826D-6A770B30FCD0}.Release|Any CPU.Build.0 = Release|Any CPU
		{EAB1E51A-FAB8-4499-B530-6AA1BD3D1958}.Debug|Any CPU.ActiveCfg = Debug|Any CPU
		{EAB1E51A-FAB8-4499-B530-6AA1BD3D1958}.Debug|Any CPU.Build.0 = Debug|Any CPU
		{EAB1E51A-FAB8-4499-B530-6AA1BD3D1958}.Release|Any CPU.ActiveCfg = Release|Any CPU
		{EAB1E51A-FAB8-4499-B530-6AA1BD3D1958}.Release|Any CPU.Build.0 = Release|Any CPU
		{2D2AA2CD-F2A8-4E68-B85A-6AF7A4577862}.Debug|Any CPU.ActiveCfg = Debug|Any CPU
		{2D2AA2CD-F2A8-4E68-B85A-6AF7A4577862}.Debug|Any CPU.Build.0 = Debug|Any CPU
		{2D2AA2CD-F2A8-4E68-B85A-6AF7A4577862}.Release|Any CPU.ActiveCfg = Release|Any CPU
		{2D2AA2CD-F2A8-4E68-B85A-6AF7A4577862}.Release|Any CPU.Build.0 = Release|Any CPU
		{CD545E94-61F9-423E-BD08-EDCD7E228035}.Debug|Any CPU.ActiveCfg = Debug|Any CPU
		{CD545E94-61F9-423E-BD08-EDCD7E228035}.Debug|Any CPU.Build.0 = Debug|Any CPU
		{CD545E94-61F9-423E-BD08-EDCD7E228035}.Release|Any CPU.ActiveCfg = Release|Any CPU
		{CD545E94-61F9-423E-BD08-EDCD7E228035}.Release|Any CPU.Build.0 = Release|Any CPU
		{C50822CE-C82E-4B4C-A978-FD64F6329FA1}.Debug|Any CPU.ActiveCfg = Debug|Any CPU
		{C50822CE-C82E-4B4C-A978-FD64F6329FA1}.Debug|Any CPU.Build.0 = Debug|Any CPU
		{C50822CE-C82E-4B4C-A978-FD64F6329FA1}.Release|Any CPU.ActiveCfg = Release|Any CPU
		{C50822CE-C82E-4B4C-A978-FD64F6329FA1}.Release|Any CPU.Build.0 = Release|Any CPU
		{B30E3DD1-63BB-4200-B9E1-945B855B6FC3}.Debug|Any CPU.ActiveCfg = Debug|Any CPU
		{B30E3DD1-63BB-4200-B9E1-945B855B6FC3}.Debug|Any CPU.Build.0 = Debug|Any CPU
		{B30E3DD1-63BB-4200-B9E1-945B855B6FC3}.Release|Any CPU.ActiveCfg = Release|Any CPU
		{B30E3DD1-63BB-4200-B9E1-945B855B6FC3}.Release|Any CPU.Build.0 = Release|Any CPU
		{3E681044-4E6A-4AA2-827E-18213AF1A469}.Debug|Any CPU.ActiveCfg = Debug|Any CPU
		{3E681044-4E6A-4AA2-827E-18213AF1A469}.Debug|Any CPU.Build.0 = Debug|Any CPU
		{3E681044-4E6A-4AA2-827E-18213AF1A469}.Release|Any CPU.ActiveCfg = Release|Any CPU
		{3E681044-4E6A-4AA2-827E-18213AF1A469}.Release|Any CPU.Build.0 = Release|Any CPU
		{FD94EF3C-D92D-461B-B7A8-819F48B3E4B6}.Debug|Any CPU.ActiveCfg = Debug|Any CPU
		{FD94EF3C-D92D-461B-B7A8-819F48B3E4B6}.Debug|Any CPU.Build.0 = Debug|Any CPU
		{FD94EF3C-D92D-461B-B7A8-819F48B3E4B6}.Release|Any CPU.ActiveCfg = Release|Any CPU
		{FD94EF3C-D92D-461B-B7A8-819F48B3E4B6}.Release|Any CPU.Build.0 = Release|Any CPU
		{FDF6AA9C-8CF2-4352-A361-E4AA1E5036B9}.Debug|Any CPU.ActiveCfg = Debug|Any CPU
		{FDF6AA9C-8CF2-4352-A361-E4AA1E5036B9}.Debug|Any CPU.Build.0 = Debug|Any CPU
		{FDF6AA9C-8CF2-4352-A361-E4AA1E5036B9}.Release|Any CPU.ActiveCfg = Release|Any CPU
		{FDF6AA9C-8CF2-4352-A361-E4AA1E5036B9}.Release|Any CPU.Build.0 = Release|Any CPU
		{CF964F5A-94A2-4A6B-A6A8-884673A420B8}.Debug|Any CPU.ActiveCfg = Debug|Any CPU
		{CF964F5A-94A2-4A6B-A6A8-884673A420B8}.Debug|Any CPU.Build.0 = Debug|Any CPU
		{CF964F5A-94A2-4A6B-A6A8-884673A420B8}.Release|Any CPU.ActiveCfg = Release|Any CPU
		{CF964F5A-94A2-4A6B-A6A8-884673A420B8}.Release|Any CPU.Build.0 = Release|Any CPU
		{72BF913C-98AD-4349-AFFD-01F5A9FF1DE1}.Debug|Any CPU.ActiveCfg = Debug|Any CPU
		{72BF913C-98AD-4349-AFFD-01F5A9FF1DE1}.Debug|Any CPU.Build.0 = Debug|Any CPU
		{72BF913C-98AD-4349-AFFD-01F5A9FF1DE1}.Release|Any CPU.ActiveCfg = Release|Any CPU
		{72BF913C-98AD-4349-AFFD-01F5A9FF1DE1}.Release|Any CPU.Build.0 = Release|Any CPU
	EndGlobalSection
	GlobalSection(SolutionProperties) = preSolution
		HideSolutionNode = FALSE
	EndGlobalSection
	GlobalSection(ExtensibilityGlobals) = postSolution
		SolutionGuid = {4BC805B8-4F90-4487-AD20-7647392CEFDB}
	EndGlobalSection
	GlobalSection(NestedProjects) = preSolution
		{51806F3F-2EEA-4619-BFA7-D857F3E32A79} = {B52275A3-D70E-43CE-AC32-B7DD819B705C}
		{5D11988E-1200-4E78-A5C4-2B1AF03F8612} = {51806F3F-2EEA-4619-BFA7-D857F3E32A79}
		{E09CD9A8-6ECF-4CC5-9C96-5A68EC6C8292} = {51806F3F-2EEA-4619-BFA7-D857F3E32A79}
	EndGlobalSection
EndGlobal
