
Microsoft Visual Studio Solution File, Format Version 12.00
# Visual Studio Version 17
VisualStudioVersion = 17.5.002.0
MinimumVisualStudioVersion = 10.0.40219.1
Project("{9A19103F-16F7-4668-BE54-9A1E7A4F7556}") = "HashSet.ConsoleApp", "HashSet.ConsoleApp.csproj", "{7EA29C43-53AE-40FA-AB0B-ED0AFF8B4303}"
EndProject
Global
	GlobalSection(SolutionConfigurationPlatforms) = preSolution
		Debug|Any CPU = Debug|Any CPU
		Release|Any CPU = Release|Any CPU
	EndGlobalSection
	GlobalSection(ProjectConfigurationPlatforms) = postSolution
		{7EA29C43-53AE-40FA-AB0B-ED0AFF8B4303}.Debug|Any CPU.ActiveCfg = Debug|Any CPU
		{7EA29C43-53AE-40FA-AB0B-ED0AFF8B4303}.Debug|Any CPU.Build.0 = Debug|Any CPU
		{7EA29C43-53AE-40FA-AB0B-ED0AFF8B4303}.Release|Any CPU.ActiveCfg = Release|Any CPU
		{7EA29C43-53AE-40FA-AB0B-ED0AFF8B4303}.Release|Any CPU.Build.0 = Release|Any CPU
	EndGlobalSection
	GlobalSection(SolutionProperties) = preSolution
		HideSolutionNode = FALSE
	EndGlobalSection
	GlobalSection(ExtensibilityGlobals) = postSolution
		SolutionGuid = {E0FA97B7-E848-4103-8B38-54E6F86FC76A}
	EndGlobalSection
EndGlobal
